// !$*UTF8*$!
{
	archiveVersion = 1;
	classes = {
	};
	objectVersion = 46;
	objects = {

/* Begin PBXBuildFile section */
		073B0228228BD3940063F0D8 /* SidebarOverlay.framework in Frameworks */ = {isa = PBXBuildFile; fileRef = 073B0227228BD3940063F0D8 /* SidebarOverlay.framework */; };
		073B0229228BD3940063F0D8 /* SidebarOverlay.framework in Embed Frameworks */ = {isa = PBXBuildFile; fileRef = 073B0227228BD3940063F0D8 /* SidebarOverlay.framework */; settings = {ATTRIBUTES = (CodeSignOnCopy, RemoveHeadersOnCopy, ); }; };
		322EAC3A1C2BC04D0077D684 /* AppDelegate.swift in Sources */ = {isa = PBXBuildFile; fileRef = 322EAC391C2BC04D0077D684 /* AppDelegate.swift */; };
		322EAC3C1C2BC04E0077D684 /* ViewController.swift in Sources */ = {isa = PBXBuildFile; fileRef = 322EAC3B1C2BC04E0077D684 /* ViewController.swift */; };
		322EAC3F1C2BC04E0077D684 /* Main.storyboard in Resources */ = {isa = PBXBuildFile; fileRef = 322EAC3D1C2BC04E0077D684 /* Main.storyboard */; };
		322EAC411C2BC04E0077D684 /* Assets.xcassets in Resources */ = {isa = PBXBuildFile; fileRef = 322EAC401C2BC04E0077D684 /* Assets.xcassets */; };
		322EAC441C2BC04E0077D684 /* LaunchScreen.storyboard in Resources */ = {isa = PBXBuildFile; fileRef = 322EAC421C2BC04E0077D684 /* LaunchScreen.storyboard */; };
		322EAC4F1C2BC04E0077D684 /* SidebarOverlayExampleTests.swift in Sources */ = {isa = PBXBuildFile; fileRef = 322EAC4E1C2BC04E0077D684 /* SidebarOverlayExampleTests.swift */; };
		322EAC5A1C2BC04E0077D684 /* SidebarOverlayExampleUITests.swift in Sources */ = {isa = PBXBuildFile; fileRef = 322EAC591C2BC04E0077D684 /* SidebarOverlayExampleUITests.swift */; };
		324CBD2F1C40CC5A0014E608 /* LeftViewController.swift in Sources */ = {isa = PBXBuildFile; fileRef = 324CBD2E1C40CC5A0014E608 /* LeftViewController.swift */; };
		32AE14421C3D2E73004E0629 /* background@2x.png in Resources */ = {isa = PBXBuildFile; fileRef = 32AE14411C3D2E73004E0629 /* background@2x.png */; };
		32E5BFCF1C380D590027BF9C /* TopViewController.swift in Sources */ = {isa = PBXBuildFile; fileRef = 32E5BFCE1C380D590027BF9C /* TopViewController.swift */; };
/* End PBXBuildFile section */

/* Begin PBXContainerItemProxy section */
		322EAC4B1C2BC04E0077D684 /* PBXContainerItemProxy */ = {
			isa = PBXContainerItemProxy;
			containerPortal = 322EAC2E1C2BC04D0077D684 /* Project object */;
			proxyType = 1;
			remoteGlobalIDString = 322EAC351C2BC04D0077D684;
			remoteInfo = SidebarOverlayExample;
		};
		322EAC561C2BC04E0077D684 /* PBXContainerItemProxy */ = {
			isa = PBXContainerItemProxy;
			containerPortal = 322EAC2E1C2BC04D0077D684 /* Project object */;
			proxyType = 1;
			remoteGlobalIDString = 322EAC351C2BC04D0077D684;
			remoteInfo = SidebarOverlayExample;
		};
		32AE144A1C3D2FF4004E0629 /* PBXContainerItemProxy */ = {
			isa = PBXContainerItemProxy;
			containerPortal = 32AE14451C3D2FF4004E0629 /* SidebarOverlay.xcodeproj */;
			proxyType = 2;
			remoteGlobalIDString = 322EAC0F1C2B3F820077D684;
			remoteInfo = SidebarOverlay;
		};
		32AE144C1C3D2FF4004E0629 /* PBXContainerItemProxy */ = {
			isa = PBXContainerItemProxy;
			containerPortal = 32AE14451C3D2FF4004E0629 /* SidebarOverlay.xcodeproj */;
			proxyType = 2;
			remoteGlobalIDString = 322EAC191C2B3F820077D684;
			remoteInfo = SidebarOverlayTests;
		};
		32AE14581C3D303A004E0629 /* PBXContainerItemProxy */ = {
			isa = PBXContainerItemProxy;
			containerPortal = 32AE14451C3D2FF4004E0629 /* SidebarOverlay.xcodeproj */;
			proxyType = 1;
			remoteGlobalIDString = 322EAC0E1C2B3F820077D684;
			remoteInfo = SidebarOverlay;
		};
/* End PBXContainerItemProxy section */

/* Begin PBXCopyFilesBuildPhase section */
		073B022A228BD3950063F0D8 /* Embed Frameworks */ = {
			isa = PBXCopyFilesBuildPhase;
			buildActionMask = 2147483647;
			dstPath = "";
			dstSubfolderSpec = 10;
			files = (
				073B0229228BD3940063F0D8 /* SidebarOverlay.framework in Embed Frameworks */,
			);
			name = "Embed Frameworks";
			runOnlyForDeploymentPostprocessing = 0;
		};
/* End PBXCopyFilesBuildPhase section */

/* Begin PBXFileReference section */
		073B0227228BD3940063F0D8 /* SidebarOverlay.framework */ = {isa = PBXFileReference; explicitFileType = wrapper.framework; path = SidebarOverlay.framework; sourceTree = BUILT_PRODUCTS_DIR; };
		322EAC361C2BC04D0077D684 /* SidebarOverlayExample.app */ = {isa = PBXFileReference; explicitFileType = wrapper.application; includeInIndex = 0; path = SidebarOverlayExample.app; sourceTree = BUILT_PRODUCTS_DIR; };
		322EAC391C2BC04D0077D684 /* AppDelegate.swift */ = {isa = PBXFileReference; lastKnownFileType = sourcecode.swift; path = AppDelegate.swift; sourceTree = "<group>"; };
		322EAC3B1C2BC04E0077D684 /* ViewController.swift */ = {isa = PBXFileReference; lastKnownFileType = sourcecode.swift; path = ViewController.swift; sourceTree = "<group>"; };
		322EAC3E1C2BC04E0077D684 /* Base */ = {isa = PBXFileReference; lastKnownFileType = file.storyboard; name = Base; path = Base.lproj/Main.storyboard; sourceTree = "<group>"; };
		322EAC401C2BC04E0077D684 /* Assets.xcassets */ = {isa = PBXFileReference; lastKnownFileType = folder.assetcatalog; path = Assets.xcassets; sourceTree = "<group>"; };
		322EAC431C2BC04E0077D684 /* Base */ = {isa = PBXFileReference; lastKnownFileType = file.storyboard; name = Base; path = Base.lproj/LaunchScreen.storyboard; sourceTree = "<group>"; };
		322EAC451C2BC04E0077D684 /* Info.plist */ = {isa = PBXFileReference; lastKnownFileType = text.plist.xml; path = Info.plist; sourceTree = "<group>"; };
		322EAC4A1C2BC04E0077D684 /* SidebarOverlayExampleTests.xctest */ = {isa = PBXFileReference; explicitFileType = wrapper.cfbundle; includeInIndex = 0; path = SidebarOverlayExampleTests.xctest; sourceTree = BUILT_PRODUCTS_DIR; };
		322EAC4E1C2BC04E0077D684 /* SidebarOverlayExampleTests.swift */ = {isa = PBXFileReference; lastKnownFileType = sourcecode.swift; path = SidebarOverlayExampleTests.swift; sourceTree = "<group>"; };
		322EAC501C2BC04E0077D684 /* Info.plist */ = {isa = PBXFileReference; lastKnownFileType = text.plist.xml; path = Info.plist; sourceTree = "<group>"; };
		322EAC551C2BC04E0077D684 /* SidebarOverlayExampleUITests.xctest */ = {isa = PBXFileReference; explicitFileType = wrapper.cfbundle; includeInIndex = 0; path = SidebarOverlayExampleUITests.xctest; sourceTree = BUILT_PRODUCTS_DIR; };
		322EAC591C2BC04E0077D684 /* SidebarOverlayExampleUITests.swift */ = {isa = PBXFileReference; lastKnownFileType = sourcecode.swift; path = SidebarOverlayExampleUITests.swift; sourceTree = "<group>"; };
		322EAC5B1C2BC04E0077D684 /* Info.plist */ = {isa = PBXFileReference; lastKnownFileType = text.plist.xml; path = Info.plist; sourceTree = "<group>"; };
		324CBD2E1C40CC5A0014E608 /* LeftViewController.swift */ = {isa = PBXFileReference; fileEncoding = 4; lastKnownFileType = sourcecode.swift; path = LeftViewController.swift; sourceTree = "<group>"; };
		32AE14411C3D2E73004E0629 /* background@2x.png */ = {isa = PBXFileReference; lastKnownFileType = image.png; path = "background@2x.png"; sourceTree = "<group>"; };
		32AE14451C3D2FF4004E0629 /* SidebarOverlay.xcodeproj */ = {isa = PBXFileReference; lastKnownFileType = "wrapper.pb-project"; name = SidebarOverlay.xcodeproj; path = ../SidebarOverlay/SidebarOverlay.xcodeproj; sourceTree = "<group>"; };
		32E5BFCE1C380D590027BF9C /* TopViewController.swift */ = {isa = PBXFileReference; fileEncoding = 4; lastKnownFileType = sourcecode.swift; path = TopViewController.swift; sourceTree = "<group>"; };
/* End PBXFileReference section */

/* Begin PBXFrameworksBuildPhase section */
		322EAC331C2BC04D0077D684 /* Frameworks */ = {
			isa = PBXFrameworksBuildPhase;
			buildActionMask = 2147483647;
			files = (
				073B0228228BD3940063F0D8 /* SidebarOverlay.framework in Frameworks */,
			);
			runOnlyForDeploymentPostprocessing = 0;
		};
		322EAC471C2BC04E0077D684 /* Frameworks */ = {
			isa = PBXFrameworksBuildPhase;
			buildActionMask = 2147483647;
			files = (
			);
			runOnlyForDeploymentPostprocessing = 0;
		};
		322EAC521C2BC04E0077D684 /* Frameworks */ = {
			isa = PBXFrameworksBuildPhase;
			buildActionMask = 2147483647;
			files = (
			);
			runOnlyForDeploymentPostprocessing = 0;
		};
/* End PBXFrameworksBuildPhase section */

/* Begin PBXGroup section */
		322EAC2D1C2BC04D0077D684 = {
			isa = PBXGroup;
			children = (
				073B0227228BD3940063F0D8 /* SidebarOverlay.framework */,
				322EAC381C2BC04D0077D684 /* SidebarOverlayExample */,
				322EAC4D1C2BC04E0077D684 /* SidebarOverlayExampleTests */,
				322EAC581C2BC04E0077D684 /* SidebarOverlayExampleUITests */,
				32AE14441C3D2FDB004E0629 /* Dependencies */,
				322EAC371C2BC04D0077D684 /* Products */,
			);
			sourceTree = "<group>";
		};
		322EAC371C2BC04D0077D684 /* Products */ = {
			isa = PBXGroup;
			children = (
				322EAC361C2BC04D0077D684 /* SidebarOverlayExample.app */,
				322EAC4A1C2BC04E0077D684 /* SidebarOverlayExampleTests.xctest */,
				322EAC551C2BC04E0077D684 /* SidebarOverlayExampleUITests.xctest */,
			);
			name = Products;
			sourceTree = "<group>";
		};
		322EAC381C2BC04D0077D684 /* SidebarOverlayExample */ = {
			isa = PBXGroup;
			children = (
				32AE14431C3D2E77004E0629 /* View Controllers */,
				32AE14401C3D2E73004E0629 /* Images */,
				322EAC391C2BC04D0077D684 /* AppDelegate.swift */,
				322EAC3D1C2BC04E0077D684 /* Main.storyboard */,
				322EAC401C2BC04E0077D684 /* Assets.xcassets */,
				322EAC421C2BC04E0077D684 /* LaunchScreen.storyboard */,
				322EAC451C2BC04E0077D684 /* Info.plist */,
			);
			path = SidebarOverlayExample;
			sourceTree = "<group>";
		};
		322EAC4D1C2BC04E0077D684 /* SidebarOverlayExampleTests */ = {
			isa = PBXGroup;
			children = (
				322EAC4E1C2BC04E0077D684 /* SidebarOverlayExampleTests.swift */,
				322EAC501C2BC04E0077D684 /* Info.plist */,
			);
			path = SidebarOverlayExampleTests;
			sourceTree = "<group>";
		};
		322EAC581C2BC04E0077D684 /* SidebarOverlayExampleUITests */ = {
			isa = PBXGroup;
			children = (
				322EAC591C2BC04E0077D684 /* SidebarOverlayExampleUITests.swift */,
				322EAC5B1C2BC04E0077D684 /* Info.plist */,
			);
			path = SidebarOverlayExampleUITests;
			sourceTree = "<group>";
		};
		32AE14401C3D2E73004E0629 /* Images */ = {
			isa = PBXGroup;
			children = (
				32AE14411C3D2E73004E0629 /* background@2x.png */,
			);
			path = Images;
			sourceTree = "<group>";
		};
		32AE14431C3D2E77004E0629 /* View Controllers */ = {
			isa = PBXGroup;
			children = (
				322EAC3B1C2BC04E0077D684 /* ViewController.swift */,
				32E5BFCE1C380D590027BF9C /* TopViewController.swift */,
				324CBD2E1C40CC5A0014E608 /* LeftViewController.swift */,
			);
			name = "View Controllers";
			sourceTree = "<group>";
		};
		32AE14441C3D2FDB004E0629 /* Dependencies */ = {
			isa = PBXGroup;
			children = (
				32AE14451C3D2FF4004E0629 /* SidebarOverlay.xcodeproj */,
			);
			name = Dependencies;
			sourceTree = "<group>";
		};
		32AE14461C3D2FF4004E0629 /* Products */ = {
			isa = PBXGroup;
			children = (
				32AE144B1C3D2FF4004E0629 /* SidebarOverlay.framework */,
				32AE144D1C3D2FF4004E0629 /* SidebarOverlayTests.xctest */,
			);
			name = Products;
			sourceTree = "<group>";
		};
/* End PBXGroup section */

/* Begin PBXNativeTarget section */
		322EAC351C2BC04D0077D684 /* SidebarOverlayExample */ = {
			isa = PBXNativeTarget;
			buildConfigurationList = 322EAC5E1C2BC04E0077D684 /* Build configuration list for PBXNativeTarget "SidebarOverlayExample" */;
			buildPhases = (
				322EAC321C2BC04D0077D684 /* Sources */,
				322EAC331C2BC04D0077D684 /* Frameworks */,
				322EAC341C2BC04D0077D684 /* Resources */,
				073B022A228BD3950063F0D8 /* Embed Frameworks */,
			);
			buildRules = (
			);
			dependencies = (
				32AE14591C3D303A004E0629 /* PBXTargetDependency */,
			);
			name = SidebarOverlayExample;
			productName = SidebarOverlayExample;
			productReference = 322EAC361C2BC04D0077D684 /* SidebarOverlayExample.app */;
			productType = "com.apple.product-type.application";
		};
		322EAC491C2BC04E0077D684 /* SidebarOverlayExampleTests */ = {
			isa = PBXNativeTarget;
			buildConfigurationList = 322EAC611C2BC04E0077D684 /* Build configuration list for PBXNativeTarget "SidebarOverlayExampleTests" */;
			buildPhases = (
				322EAC461C2BC04E0077D684 /* Sources */,
				322EAC471C2BC04E0077D684 /* Frameworks */,
				322EAC481C2BC04E0077D684 /* Resources */,
			);
			buildRules = (
			);
			dependencies = (
				322EAC4C1C2BC04E0077D684 /* PBXTargetDependency */,
			);
			name = SidebarOverlayExampleTests;
			productName = SidebarOverlayExampleTests;
			productReference = 322EAC4A1C2BC04E0077D684 /* SidebarOverlayExampleTests.xctest */;
			productType = "com.apple.product-type.bundle.unit-test";
		};
		322EAC541C2BC04E0077D684 /* SidebarOverlayExampleUITests */ = {
			isa = PBXNativeTarget;
			buildConfigurationList = 322EAC641C2BC04E0077D684 /* Build configuration list for PBXNativeTarget "SidebarOverlayExampleUITests" */;
			buildPhases = (
				322EAC511C2BC04E0077D684 /* Sources */,
				322EAC521C2BC04E0077D684 /* Frameworks */,
				322EAC531C2BC04E0077D684 /* Resources */,
			);
			buildRules = (
			);
			dependencies = (
				322EAC571C2BC04E0077D684 /* PBXTargetDependency */,
			);
			name = SidebarOverlayExampleUITests;
			productName = SidebarOverlayExampleUITests;
			productReference = 322EAC551C2BC04E0077D684 /* SidebarOverlayExampleUITests.xctest */;
			productType = "com.apple.product-type.bundle.ui-testing";
		};
/* End PBXNativeTarget section */

/* Begin PBXProject section */
		322EAC2E1C2BC04D0077D684 /* Project object */ = {
			isa = PBXProject;
			attributes = {
				LastSwiftUpdateCheck = 0720;
				LastUpgradeCheck = 0810;
				ORGANIZATIONNAME = "Alex Krzyżanowski";
				TargetAttributes = {
					322EAC351C2BC04D0077D684 = {
						CreatedOnToolsVersion = 7.2;
						LastSwiftMigration = 0810;
					};
					322EAC491C2BC04E0077D684 = {
						CreatedOnToolsVersion = 7.2;
						LastSwiftMigration = 0810;
						TestTargetID = 322EAC351C2BC04D0077D684;
					};
					322EAC541C2BC04E0077D684 = {
						CreatedOnToolsVersion = 7.2;
						LastSwiftMigration = 0810;
						TestTargetID = 322EAC351C2BC04D0077D684;
					};
				};
			};
			buildConfigurationList = 322EAC311C2BC04D0077D684 /* Build configuration list for PBXProject "SidebarOverlayExample" */;
			compatibilityVersion = "Xcode 3.2";
			developmentRegion = English;
			hasScannedForEncodings = 0;
			knownRegions = (
				English,
				en,
				Base,
			);
			mainGroup = 322EAC2D1C2BC04D0077D684;
			productRefGroup = 322EAC371C2BC04D0077D684 /* Products */;
			projectDirPath = "";
			projectReferences = (
				{
					ProductGroup = 32AE14461C3D2FF4004E0629 /* Products */;
					ProjectRef = 32AE14451C3D2FF4004E0629 /* SidebarOverlay.xcodeproj */;
				},
			);
			projectRoot = "";
			targets = (
				322EAC351C2BC04D0077D684 /* SidebarOverlayExample */,
				322EAC491C2BC04E0077D684 /* SidebarOverlayExampleTests */,
				322EAC541C2BC04E0077D684 /* SidebarOverlayExampleUITests */,
			);
		};
/* End PBXProject section */

/* Begin PBXReferenceProxy section */
		32AE144B1C3D2FF4004E0629 /* SidebarOverlay.framework */ = {
			isa = PBXReferenceProxy;
			fileType = wrapper.framework;
			path = SidebarOverlay.framework;
			remoteRef = 32AE144A1C3D2FF4004E0629 /* PBXContainerItemProxy */;
			sourceTree = BUILT_PRODUCTS_DIR;
		};
		32AE144D1C3D2FF4004E0629 /* SidebarOverlayTests.xctest */ = {
			isa = PBXReferenceProxy;
			fileType = wrapper.cfbundle;
			path = SidebarOverlayTests.xctest;
			remoteRef = 32AE144C1C3D2FF4004E0629 /* PBXContainerItemProxy */;
			sourceTree = BUILT_PRODUCTS_DIR;
		};
/* End PBXReferenceProxy section */

/* Begin PBXResourcesBuildPhase section */
		322EAC341C2BC04D0077D684 /* Resources */ = {
			isa = PBXResourcesBuildPhase;
			buildActionMask = 2147483647;
			files = (
				322EAC441C2BC04E0077D684 /* LaunchScreen.storyboard in Resources */,
				322EAC411C2BC04E0077D684 /* Assets.xcassets in Resources */,
				32AE14421C3D2E73004E0629 /* background@2x.png in Resources */,
				322EAC3F1C2BC04E0077D684 /* Main.storyboard in Resources */,
			);
			runOnlyForDeploymentPostprocessing = 0;
		};
		322EAC481C2BC04E0077D684 /* Resources */ = {
			isa = PBXResourcesBuildPhase;
			buildActionMask = 2147483647;
			files = (
			);
			runOnlyForDeploymentPostprocessing = 0;
		};
		322EAC531C2BC04E0077D684 /* Resources */ = {
			isa = PBXResourcesBuildPhase;
			buildActionMask = 2147483647;
			files = (
			);
			runOnlyForDeploymentPostprocessing = 0;
		};
/* End PBXResourcesBuildPhase section */

/* Begin PBXSourcesBuildPhase section */
		322EAC321C2BC04D0077D684 /* Sources */ = {
			isa = PBXSourcesBuildPhase;
			buildActionMask = 2147483647;
			files = (
				32E5BFCF1C380D590027BF9C /* TopViewController.swift in Sources */,
				324CBD2F1C40CC5A0014E608 /* LeftViewController.swift in Sources */,
				322EAC3C1C2BC04E0077D684 /* ViewController.swift in Sources */,
				322EAC3A1C2BC04D0077D684 /* AppDelegate.swift in Sources */,
			);
			runOnlyForDeploymentPostprocessing = 0;
		};
		322EAC461C2BC04E0077D684 /* Sources */ = {
			isa = PBXSourcesBuildPhase;
			buildActionMask = 2147483647;
			files = (
				322EAC4F1C2BC04E0077D684 /* SidebarOverlayExampleTests.swift in Sources */,
			);
			runOnlyForDeploymentPostprocessing = 0;
		};
		322EAC511C2BC04E0077D684 /* Sources */ = {
			isa = PBXSourcesBuildPhase;
			buildActionMask = 2147483647;
			files = (
				322EAC5A1C2BC04E0077D684 /* SidebarOverlayExampleUITests.swift in Sources */,
			);
			runOnlyForDeploymentPostprocessing = 0;
		};
/* End PBXSourcesBuildPhase section */

/* Begin PBXTargetDependency section */
		322EAC4C1C2BC04E0077D684 /* PBXTargetDependency */ = {
			isa = PBXTargetDependency;
			target = 322EAC351C2BC04D0077D684 /* SidebarOverlayExample */;
			targetProxy = 322EAC4B1C2BC04E0077D684 /* PBXContainerItemProxy */;
		};
		322EAC571C2BC04E0077D684 /* PBXTargetDependency */ = {
			isa = PBXTargetDependency;
			target = 322EAC351C2BC04D0077D684 /* SidebarOverlayExample */;
			targetProxy = 322EAC561C2BC04E0077D684 /* PBXContainerItemProxy */;
		};
		32AE14591C3D303A004E0629 /* PBXTargetDependency */ = {
			isa = PBXTargetDependency;
			name = SidebarOverlay;
			targetProxy = 32AE14581C3D303A004E0629 /* PBXContainerItemProxy */;
		};
/* End PBXTargetDependency section */

/* Begin PBXVariantGroup section */
		322EAC3D1C2BC04E0077D684 /* Main.storyboard */ = {
			isa = PBXVariantGroup;
			children = (
				322EAC3E1C2BC04E0077D684 /* Base */,
			);
			name = Main.storyboard;
			sourceTree = "<group>";
		};
		322EAC421C2BC04E0077D684 /* LaunchScreen.storyboard */ = {
			isa = PBXVariantGroup;
			children = (
				322EAC431C2BC04E0077D684 /* Base */,
			);
			name = LaunchScreen.storyboard;
			sourceTree = "<group>";
		};
/* End PBXVariantGroup section */

/* Begin XCBuildConfiguration section */
		322EAC5C1C2BC04E0077D684 /* Debug */ = {
			isa = XCBuildConfiguration;
			buildSettings = {
				ALWAYS_SEARCH_USER_PATHS = NO;
				CLANG_CXX_LANGUAGE_STANDARD = "gnu++0x";
				CLANG_CXX_LIBRARY = "libc++";
				CLANG_ENABLE_MODULES = YES;
				CLANG_ENABLE_OBJC_ARC = YES;
				CLANG_WARN_BOOL_CONVERSION = YES;
				CLANG_WARN_CONSTANT_CONVERSION = YES;
				CLANG_WARN_DIRECT_OBJC_ISA_USAGE = YES_ERROR;
				CLANG_WARN_EMPTY_BODY = YES;
				CLANG_WARN_ENUM_CONVERSION = YES;
				CLANG_WARN_INFINITE_RECURSION = YES;
				CLANG_WARN_INT_CONVERSION = YES;
				CLANG_WARN_OBJC_ROOT_CLASS = YES_ERROR;
				CLANG_WARN_SUSPICIOUS_MOVE = YES;
				CLANG_WARN_UNREACHABLE_CODE = YES;
				CLANG_WARN__DUPLICATE_METHOD_MATCH = YES;
				"CODE_SIGN_IDENTITY[sdk=iphoneos*]" = "iPhone Developer";
				COPY_PHASE_STRIP = NO;
				DEBUG_INFORMATION_FORMAT = dwarf;
				ENABLE_STRICT_OBJC_MSGSEND = YES;
				ENABLE_TESTABILITY = YES;
				GCC_C_LANGUAGE_STANDARD = gnu99;
				GCC_DYNAMIC_NO_PIC = NO;
				GCC_NO_COMMON_BLOCKS = YES;
				GCC_OPTIMIZATION_LEVEL = 0;
				GCC_PREPROCESSOR_DEFINITIONS = (
					"DEBUG=1",
					"$(inherited)",
				);
				GCC_WARN_64_TO_32_BIT_CONVERSION = YES;
				GCC_WARN_ABOUT_RETURN_TYPE = YES_ERROR;
				GCC_WARN_UNDECLARED_SELECTOR = YES;
				GCC_WARN_UNINITIALIZED_AUTOS = YES_AGGRESSIVE;
				GCC_WARN_UNUSED_FUNCTION = YES;
				GCC_WARN_UNUSED_VARIABLE = YES;
				IPHONEOS_DEPLOYMENT_TARGET = 8.0;
				MTL_ENABLE_DEBUG_INFO = YES;
				ONLY_ACTIVE_ARCH = YES;
				SDKROOT = iphoneos;
				SWIFT_OPTIMIZATION_LEVEL = "-Onone";
			};
			name = Debug;
		};
		322EAC5D1C2BC04E0077D684 /* Release */ = {
			isa = XCBuildConfiguration;
			buildSettings = {
				ALWAYS_SEARCH_USER_PATHS = NO;
				CLANG_CXX_LANGUAGE_STANDARD = "gnu++0x";
				CLANG_CXX_LIBRARY = "libc++";
				CLANG_ENABLE_MODULES = YES;
				CLANG_ENABLE_OBJC_ARC = YES;
				CLANG_WARN_BOOL_CONVERSION = YES;
				CLANG_WARN_CONSTANT_CONVERSION = YES;
				CLANG_WARN_DIRECT_OBJC_ISA_USAGE = YES_ERROR;
				CLANG_WARN_EMPTY_BODY = YES;
				CLANG_WARN_ENUM_CONVERSION = YES;
				CLANG_WARN_INFINITE_RECURSION = YES;
				CLANG_WARN_INT_CONVERSION = YES;
				CLANG_WARN_OBJC_ROOT_CLASS = YES_ERROR;
				CLANG_WARN_SUSPICIOUS_MOVE = YES;
				CLANG_WARN_UNREACHABLE_CODE = YES;
				CLANG_WARN__DUPLICATE_METHOD_MATCH = YES;
				"CODE_SIGN_IDENTITY[sdk=iphoneos*]" = "iPhone Developer";
				COPY_PHASE_STRIP = NO;
				DEBUG_INFORMATION_FORMAT = "dwarf-with-dsym";
				ENABLE_NS_ASSERTIONS = NO;
				ENABLE_STRICT_OBJC_MSGSEND = YES;
				GCC_C_LANGUAGE_STANDARD = gnu99;
				GCC_NO_COMMON_BLOCKS = YES;
				GCC_WARN_64_TO_32_BIT_CONVERSION = YES;
				GCC_WARN_ABOUT_RETURN_TYPE = YES_ERROR;
				GCC_WARN_UNDECLARED_SELECTOR = YES;
				GCC_WARN_UNINITIALIZED_AUTOS = YES_AGGRESSIVE;
				GCC_WARN_UNUSED_FUNCTION = YES;
				GCC_WARN_UNUSED_VARIABLE = YES;
				IPHONEOS_DEPLOYMENT_TARGET = 8.0;
				MTL_ENABLE_DEBUG_INFO = NO;
				SDKROOT = iphoneos;
				SWIFT_OPTIMIZATION_LEVEL = "-Owholemodule";
				VALIDATE_PRODUCT = YES;
			};
			name = Release;
		};
		322EAC5F1C2BC04E0077D684 /* Debug */ = {
			isa = XCBuildConfiguration;
			buildSettings = {
				ASSETCATALOG_COMPILER_APPICON_NAME = AppIcon;
				INFOPLIST_FILE = SidebarOverlayExample/Info.plist;
				IPHONEOS_DEPLOYMENT_TARGET = 8.0;
				LD_RUNPATH_SEARCH_PATHS = "$(inherited) @executable_path/Frameworks";
				PRODUCT_BUNDLE_IDENTIFIER = ru.perechnev.SidebarOverlayExample;
				PRODUCT_NAME = "$(TARGET_NAME)";
				SWIFT_VERSION = 5.0;
			};
			name = Debug;
		};
		322EAC601C2BC04E0077D684 /* Release */ = {
			isa = XCBuildConfiguration;
			buildSettings = {
				ASSETCATALOG_COMPILER_APPICON_NAME = AppIcon;
				INFOPLIST_FILE = SidebarOverlayExample/Info.plist;
				IPHONEOS_DEPLOYMENT_TARGET = 8.0;
				LD_RUNPATH_SEARCH_PATHS = "$(inherited) @executable_path/Frameworks";
				PRODUCT_BUNDLE_IDENTIFIER = ru.perechnev.SidebarOverlayExample;
				PRODUCT_NAME = "$(TARGET_NAME)";
				SWIFT_VERSION = 5.0;
			};
			name = Release;
		};
		322EAC621C2BC04E0077D684 /* Debug */ = {
			isa = XCBuildConfiguration;
			buildSettings = {
				BUNDLE_LOADER = "$(TEST_HOST)";
				INFOPLIST_FILE = SidebarOverlayExampleTests/Info.plist;
				LD_RUNPATH_SEARCH_PATHS = "$(inherited) @executable_path/Frameworks @loader_path/Frameworks";
				PRODUCT_BUNDLE_IDENTIFIER = ru.perechnev.SidebarOverlayExampleTests;
				PRODUCT_NAME = "$(TARGET_NAME)";
				SWIFT_VERSION = 3.0;
				TEST_HOST = "$(BUILT_PRODUCTS_DIR)/SidebarOverlayExample.app/SidebarOverlayExample";
			};
			name = Debug;
		};
		322EAC631C2BC04E0077D684 /* Release */ = {
			isa = XCBuildConfiguration;
			buildSettings = {
				BUNDLE_LOADER = "$(TEST_HOST)";
				INFOPLIST_FILE = SidebarOverlayExampleTests/Info.plist;
				LD_RUNPATH_SEARCH_PATHS = "$(inherited) @executable_path/Frameworks @loader_path/Frameworks";
				PRODUCT_BUNDLE_IDENTIFIER = ru.perechnev.SidebarOverlayExampleTests;
				PRODUCT_NAME = "$(TARGET_NAME)";
				SWIFT_VERSION = 3.0;
				TEST_HOST = "$(BUILT_PRODUCTS_DIR)/SidebarOverlayExample.app/SidebarOverlayExample";
			};
			name = Release;
		};
		322EAC651C2BC04E0077D684 /* Debug */ = {
			isa = XCBuildConfiguration;
			buildSettings = {
				INFOPLIST_FILE = SidebarOverlayExampleUITests/Info.plist;
				LD_RUNPATH_SEARCH_PATHS = "$(inherited) @executable_path/Frameworks @loader_path/Frameworks";
				PRODUCT_BUNDLE_IDENTIFIER = ru.perechnev.SidebarOverlayExampleUITests;
				PRODUCT_NAME = "$(TARGET_NAME)";
				SWIFT_VERSION = 3.0;
				TEST_TARGET_NAME = SidebarOverlayExample;
				USES_XCTRUNNER = YES;
			};
			name = Debug;
		};
		322EAC661C2BC04E0077D684 /* Release */ = {
			isa = XCBuildConfiguration;
			buildSettings = {
				INFOPLIST_FILE = SidebarOverlayExampleUITests/Info.plist;
				LD_RUNPATH_SEARCH_PATHS = "$(inherited) @executable_path/Frameworks @loader_path/Frameworks";
				PRODUCT_BUNDLE_IDENTIFIER = ru.perechnev.SidebarOverlayExampleUITests;
				PRODUCT_NAME = "$(TARGET_NAME)";
				SWIFT_VERSION = 3.0;
				TEST_TARGET_NAME = SidebarOverlayExample;
				USES_XCTRUNNER = YES;
			};
			name = Release;
		};
/* End XCBuildConfiguration section */

/* Begin XCConfigurationList section */
		322EAC311C2BC04D0077D684 /* Build configuration list for PBXProject "SidebarOverlayExample" */ = {
			isa = XCConfigurationList;
			buildConfigurations = (
				322EAC5C1C2BC04E0077D684 /* Debug */,
				322EAC5D1C2BC04E0077D684 /* Release */,
			);
			defaultConfigurationIsVisible = 0;
			defaultConfigurationName = Release;
		};
		322EAC5E1C2BC04E0077D684 /* Build configuration list for PBXNativeTarget "SidebarOverlayExample" */ = {
			isa = XCConfigurationList;
			buildConfigurations = (
				322EAC5F1C2BC04E0077D684 /* Debug */,
				322EAC601C2BC04E0077D684 /* Release */,
			);
			defaultConfigurationIsVisible = 0;
			defaultConfigurationName = Release;
		};
		322EAC611C2BC04E0077D684 /* Build configuration list for PBXNativeTarget "SidebarOverlayExampleTests" */ = {
			isa = XCConfigurationList;
			buildConfigurations = (
				322EAC621C2BC04E0077D684 /* Debug */,
				322EAC631C2BC04E0077D684 /* Release */,
			);
			defaultConfigurationIsVisible = 0;
			defaultConfigurationName = Release;
		};
		322EAC641C2BC04E0077D684 /* Build configuration list for PBXNativeTarget "SidebarOverlayExampleUITests" */ = {
			isa = XCConfigurationList;
			buildConfigurations = (
				322EAC651C2BC04E0077D684 /* Debug */,
				322EAC661C2BC04E0077D684 /* Release */,
			);
			defaultConfigurationIsVisible = 0;
			defaultConfigurationName = Release;
		};
/* End XCConfigurationList section */
	};
	rootObject = 322EAC2E1C2BC04D0077D684 /* Project object */;
}
